
Microsoft Visual Studio Solution File, Format Version 12.00
# Visual Studio Version 17
VisualStudioVersion = 17.4.33213.308
MinimumVisualStudioVersion = 10.0.40219.1
Project("{FAE04EC0-301F-11D3-BF4B-00C04F79EFBC}") = "JayRideChallenge", "JayRideChallenge\JayRideChallenge.csproj", "{3CC01B6D-0D8B-473B-B484-4631DD114DF4}"
EndProject
Project("{FAE04EC0-301F-11D3-BF4B-00C04F79EFBC}") = "JayRide.Core", "JayRide.Core\JayRide.Core.csproj", "{C9AD5A75-2568-4F49-9261-B64855D6BE57}"
EndProject
Project("{FAE04EC0-301F-11D3-BF4B-00C04F79EFBC}") = "JayRide.Infrastructure", "JayRide.Infrastructure\JayRide.Infrastructure.csproj", "{7C8BF273-7554-4EAB-A3A7-549DE54F47ED}"
EndProject
Global
	GlobalSection(SolutionConfigurationPlatforms) = preSolution
		Debug|Any CPU = Debug|Any CPU
		Release|Any CPU = Release|Any CPU
	EndGlobalSection
	GlobalSection(ProjectConfigurationPlatforms) = postSolution
		{3CC01B6D-0D8B-473B-B484-4631DD114DF4}.Debug|Any CPU.ActiveCfg = Debug|Any CPU
		{3CC01B6D-0D8B-473B-B484-4631DD114DF4}.Debug|Any CPU.Build.0 = Debug|Any CPU
		{3CC01B6D-0D8B-473B-B484-4631DD114DF4}.Release|Any CPU.ActiveCfg = Release|Any CPU
		{3CC01B6D-0D8B-473B-B484-4631DD114DF4}.Release|Any CPU.Build.0 = Release|Any CPU
		{C9AD5A75-2568-4F49-9261-B64855D6BE57}.Debug|Any CPU.ActiveCfg = Debug|Any CPU
		{C9AD5A75-2568-4F49-9261-B64855D6BE57}.Debug|Any CPU.Build.0 = Debug|Any CPU
		{C9AD5A75-2568-4F49-9261-B64855D6BE57}.Release|Any CPU.ActiveCfg = Release|Any CPU
		{C9AD5A75-2568-4F49-9261-B64855D6BE57}.Release|Any CPU.Build.0 = Release|Any CPU
		{7C8BF273-7554-4EAB-A3A7-549DE54F47ED}.Debug|Any CPU.ActiveCfg = Debug|Any CPU
		{7C8BF273-7554-4EAB-A3A7-549DE54F47ED}.Debug|Any CPU.Build.0 = Debug|Any CPU
		{7C8BF273-7554-4EAB-A3A7-549DE54F47ED}.Release|Any CPU.ActiveCfg = Release|Any CPU
		{7C8BF273-7554-4EAB-A3A7-549DE54F47ED}.Release|Any CPU.Build.0 = Release|Any CPU
	EndGlobalSection
	GlobalSection(SolutionProperties) = preSolution
		HideSolutionNode = FALSE
	EndGlobalSection
	GlobalSection(ExtensibilityGlobals) = postSolution
		SolutionGuid = {AF1A4A0E-5533-47C8-B171-6E9DA8B9005C}
	EndGlobalSection
EndGlobal
